
Microsoft Visual Studio Solution File, Format Version 11.00
# Visual Studio 2010
Project("{FAE04EC0-301F-11D3-BF4B-00C04F79EFBC}") = "DeepSub", "Assembly-CSharp.csproj", "{1218BC97-2808-E92F-0C68-2E7926CD1C14}"
EndProject
Project("{FAE04EC0-301F-11D3-BF4B-00C04F79EFBC}") = "DeepSub", "Assembly-CSharp-firstpass.csproj", "{4EAF7DC0-8C5A-BA3D-05C2-4DFCA550E980}"
EndProject
Project("{FAE04EC0-301F-11D3-BF4B-00C04F79EFBC}") = "DeepSub", "Assembly-CSharp-Editor-firstpass.csproj", "{980CF9D6-8345-BD4E-D15E-BD27318CBB68}"
EndProject
Global
	GlobalSection(SolutionConfigurationPlatforms) = preSolution
		Debug|Any CPU = Debug|Any CPU
		Release|Any CPU = Release|Any CPU
	EndGlobalSection
	GlobalSection(ProjectConfigurationPlatforms) = postSolution
		{1218BC97-2808-E92F-0C68-2E7926CD1C14}.Debug|Any CPU.ActiveCfg = Debug|Any CPU
		{1218BC97-2808-E92F-0C68-2E7926CD1C14}.Debug|Any CPU.Build.0 = Debug|Any CPU
		{1218BC97-2808-E92F-0C68-2E7926CD1C14}.Release|Any CPU.ActiveCfg = Release|Any CPU
		{1218BC97-2808-E92F-0C68-2E7926CD1C14}.Release|Any CPU.Build.0 = Release|Any CPU
		{4EAF7DC0-8C5A-BA3D-05C2-4DFCA550E980}.Debug|Any CPU.ActiveCfg = Debug|Any CPU
		{4EAF7DC0-8C5A-BA3D-05C2-4DFCA550E980}.Debug|Any CPU.Build.0 = Debug|Any CPU
		{4EAF7DC0-8C5A-BA3D-05C2-4DFCA550E980}.Release|Any CPU.ActiveCfg = Release|Any CPU
		{4EAF7DC0-8C5A-BA3D-05C2-4DFCA550E980}.Release|Any CPU.Build.0 = Release|Any CPU
		{980CF9D6-8345-BD4E-D15E-BD27318CBB68}.Debug|Any CPU.ActiveCfg = Debug|Any CPU
		{980CF9D6-8345-BD4E-D15E-BD27318CBB68}.Debug|Any CPU.Build.0 = Debug|Any CPU
		{980CF9D6-8345-BD4E-D15E-BD27318CBB68}.Release|Any CPU.ActiveCfg = Release|Any CPU
		{980CF9D6-8345-BD4E-D15E-BD27318CBB68}.Release|Any CPU.Build.0 = Release|Any CPU
	EndGlobalSection
	GlobalSection(SolutionProperties) = preSolution
		HideSolutionNode = FALSE
	EndGlobalSection
	GlobalSection(MonoDevelopProperties) = preSolution
		StartupItem = Assembly-CSharp.csproj
	EndGlobalSection
EndGlobal
